
Microsoft Visual Studio Solution File, Format Version 12.00
# Visual Studio Version 17
VisualStudioVersion = 17.8.34330.188
MinimumVisualStudioVersion = 10.0.40219.1
Project("{9A19103F-16F7-4668-BE54-9A1E7A4F7556}") = "AdventOfCode1", "AdventOfCode1\AdventOfCode1.csproj", "{6740F88D-F6D2-4368-95F5-96D931B84E82}"
EndProject
Project("{9A19103F-16F7-4668-BE54-9A1E7A4F7556}") = "AdventOfCode2", "AdventOfCode2\AdventOfCode2.csproj", "{72752037-3782-4D7C-A266-273775CF4823}"
EndProject
Project("{9A19103F-16F7-4668-BE54-9A1E7A4F7556}") = "AdventOfCode3", "AdventOfCode3\AdventOfCode3.csproj", "{3C37FB2A-09C2-4CB2-AE42-4D71DCBDB79C}"
EndProject
Project("{9A19103F-16F7-4668-BE54-9A1E7A4F7556}") = "AdventOfCode4", "AdventOfCode4\AdventOfCode4.csproj", "{6633B79B-6204-4C7E-8189-A15ABD4DFA2F}"
EndProject
Project("{9A19103F-16F7-4668-BE54-9A1E7A4F7556}") = "AdventOfCode5", "AdventOfCode5\AdventOfCode5.csproj", "{EB3753EE-E852-4937-ABC5-7B74748B1B55}"
EndProject
Project("{9A19103F-16F7-4668-BE54-9A1E7A4F7556}") = "AdventOfCode6", "AdventOfCode6\AdventOfCode6.csproj", "{AFB2C7DD-606D-436D-B88A-0A2A15388BFE}"
EndProject
Project("{9A19103F-16F7-4668-BE54-9A1E7A4F7556}") = "AdventOfCode7", "AdventOfCode7\AdventOfCode7.csproj", "{B58D8F14-B1D9-4E9A-83FC-EF6D7CC2282D}"
EndProject
Project("{9A19103F-16F7-4668-BE54-9A1E7A4F7556}") = "AdventOfCode8", "AdventOfCode8\AdventOfCode8.csproj", "{4D4E63C0-45BF-4509-99D9-23E42D4038C9}"
EndProject
Project("{9A19103F-16F7-4668-BE54-9A1E7A4F7556}") = "AdventOfCode9", "AdventOfCode9\AdventOfCode9.csproj", "{CCDB8E7F-501E-4803-B638-9FA32FE9D8C6}"
EndProject
Project("{9A19103F-16F7-4668-BE54-9A1E7A4F7556}") = "AdventOfCode10", "AdventOfCode10\AdventOfCode10.csproj", "{6DCD527F-9466-4BB5-B497-F3ED63F45AA1}"
EndProject
Project("{9A19103F-16F7-4668-BE54-9A1E7A4F7556}") = "AdventOfCode11", "AdventOfCode11\AdventOfCode11.csproj", "{25160458-CD07-4850-96A8-959DD323285E}"
EndProject
Project("{9A19103F-16F7-4668-BE54-9A1E7A4F7556}") = "AdventOfCode12", "AdventOfCode12\AdventOfCode12.csproj", "{7A1BD66F-E9C7-4E50-9F8D-BB3AD6C17692}"
EndProject
Project("{9A19103F-16F7-4668-BE54-9A1E7A4F7556}") = "AdventOfCode13", "AdventOfCode13\AdventOfCode13.csproj", "{11C993EE-2C43-499A-BF1D-28314BA66DE6}"
EndProject
Project("{9A19103F-16F7-4668-BE54-9A1E7A4F7556}") = "AdventOfCode14", "AdventOfCode14\AdventOfCode14.csproj", "{4B5EE7AD-57CE-4784-B1DD-6F67B3F11F68}"
EndProject
Project("{9A19103F-16F7-4668-BE54-9A1E7A4F7556}") = "AdventOfCode15", "AdventOfCode15\AdventOfCode15.csproj", "{A0484173-B1A0-49B1-8C87-B7C3F577DA7F}"
EndProject
Project("{9A19103F-16F7-4668-BE54-9A1E7A4F7556}") = "AdventOfCode16", "AdventOfCode16\AdventOfCode16.csproj", "{8483D822-BEB2-4791-B6BC-AE0B7A328703}"
EndProject
Project("{9A19103F-16F7-4668-BE54-9A1E7A4F7556}") = "AdventOfCode17", "AdventOfCode17\AdventOfCode17.csproj", "{87612D15-6A44-442C-885C-EF77D65342F7}"
EndProject
Project("{9A19103F-16F7-4668-BE54-9A1E7A4F7556}") = "AdventOfCode19", "AdventOfCode19\AdventOfCode19.csproj", "{058C4691-946E-4BBF-9C7B-756BACB8EB0F}"
EndProject
Project("{9A19103F-16F7-4668-BE54-9A1E7A4F7556}") = "AdventOfCode22", "AdventOfCode22\AdventOfCode22.csproj", "{8A50247C-5638-493F-AECE-A6C42F121C42}"
EndProject
Project("{9A19103F-16F7-4668-BE54-9A1E7A4F7556}") = "AdventOfCode23", "AdventOfCode23\AdventOfCode23.csproj", "{900C04BC-71D0-4541-B76E-9642025E74AA}"
EndProject
Project("{9A19103F-16F7-4668-BE54-9A1E7A4F7556}") = "AdventOfCode24", "AdventOfCode24\AdventOfCode24.csproj", "{0DF35894-96D4-4110-8907-EF580AAF2DFD}"
EndProject
Project("{9A19103F-16F7-4668-BE54-9A1E7A4F7556}") = "AdventOfCode25", "AdventOfCode25\AdventOfCode25.csproj", "{0B7F287A-EAAE-45F7-8223-B6E089B5936B}"
EndProject
Project("{9A19103F-16F7-4668-BE54-9A1E7A4F7556}") = "AdventOfCode18", "AdventOfCode18\AdventOfCode18.csproj", "{6988BC93-9726-416D-9AA9-BDE9E1938E94}"
EndProject
Project("{FAE04EC0-301F-11D3-BF4B-00C04F79EFBC}") = "AdventOfCode20", "AdventOfCode20\AdventOfCode20.csproj", "{F0D72CFE-6034-4962-BC06-32E33FE5C2C3}"
EndProject
Project("{FAE04EC0-301F-11D3-BF4B-00C04F79EFBC}") = "AdventOfCode21", "AdventOfCode21\AdventOfCode21.csproj", "{F6410EDC-B626-4D26-B785-402FA70F270D}"
EndProject
Global
	GlobalSection(SolutionConfigurationPlatforms) = preSolution
		Debug|Any CPU = Debug|Any CPU
		Release|Any CPU = Release|Any CPU
	EndGlobalSection
	GlobalSection(ProjectConfigurationPlatforms) = postSolution
		{6740F88D-F6D2-4368-95F5-96D931B84E82}.Debug|Any CPU.ActiveCfg = Debug|Any CPU
		{6740F88D-F6D2-4368-95F5-96D931B84E82}.Debug|Any CPU.Build.0 = Debug|Any CPU
		{6740F88D-F6D2-4368-95F5-96D931B84E82}.Release|Any CPU.ActiveCfg = Release|Any CPU
		{6740F88D-F6D2-4368-95F5-96D931B84E82}.Release|Any CPU.Build.0 = Release|Any CPU
		{72752037-3782-4D7C-A266-273775CF4823}.Debug|Any CPU.ActiveCfg = Debug|Any CPU
		{72752037-3782-4D7C-A266-273775CF4823}.Debug|Any CPU.Build.0 = Debug|Any CPU
		{72752037-3782-4D7C-A266-273775CF4823}.Release|Any CPU.ActiveCfg = Release|Any CPU
		{72752037-3782-4D7C-A266-273775CF4823}.Release|Any CPU.Build.0 = Release|Any CPU
		{3C37FB2A-09C2-4CB2-AE42-4D71DCBDB79C}.Debug|Any CPU.ActiveCfg = Debug|Any CPU
		{3C37FB2A-09C2-4CB2-AE42-4D71DCBDB79C}.Debug|Any CPU.Build.0 = Debug|Any CPU
		{3C37FB2A-09C2-4CB2-AE42-4D71DCBDB79C}.Release|Any CPU.ActiveCfg = Release|Any CPU
		{3C37FB2A-09C2-4CB2-AE42-4D71DCBDB79C}.Release|Any CPU.Build.0 = Release|Any CPU
		{6633B79B-6204-4C7E-8189-A15ABD4DFA2F}.Debug|Any CPU.ActiveCfg = Debug|Any CPU
		{6633B79B-6204-4C7E-8189-A15ABD4DFA2F}.Debug|Any CPU.Build.0 = Debug|Any CPU
		{6633B79B-6204-4C7E-8189-A15ABD4DFA2F}.Release|Any CPU.ActiveCfg = Release|Any CPU
		{6633B79B-6204-4C7E-8189-A15ABD4DFA2F}.Release|Any CPU.Build.0 = Release|Any CPU
		{EB3753EE-E852-4937-ABC5-7B74748B1B55}.Debug|Any CPU.ActiveCfg = Debug|Any CPU
		{EB3753EE-E852-4937-ABC5-7B74748B1B55}.Debug|Any CPU.Build.0 = Debug|Any CPU
		{EB3753EE-E852-4937-ABC5-7B74748B1B55}.Release|Any CPU.ActiveCfg = Release|Any CPU
		{EB3753EE-E852-4937-ABC5-7B74748B1B55}.Release|Any CPU.Build.0 = Release|Any CPU
		{AFB2C7DD-606D-436D-B88A-0A2A15388BFE}.Debug|Any CPU.ActiveCfg = Debug|Any CPU
		{AFB2C7DD-606D-436D-B88A-0A2A15388BFE}.Debug|Any CPU.Build.0 = Debug|Any CPU
		{AFB2C7DD-606D-436D-B88A-0A2A15388BFE}.Release|Any CPU.ActiveCfg = Release|Any CPU
		{AFB2C7DD-606D-436D-B88A-0A2A15388BFE}.Release|Any CPU.Build.0 = Release|Any CPU
		{B58D8F14-B1D9-4E9A-83FC-EF6D7CC2282D}.Debug|Any CPU.ActiveCfg = Debug|Any CPU
		{B58D8F14-B1D9-4E9A-83FC-EF6D7CC2282D}.Debug|Any CPU.Build.0 = Debug|Any CPU
		{B58D8F14-B1D9-4E9A-83FC-EF6D7CC2282D}.Release|Any CPU.ActiveCfg = Release|Any CPU
		{B58D8F14-B1D9-4E9A-83FC-EF6D7CC2282D}.Release|Any CPU.Build.0 = Release|Any CPU
		{4D4E63C0-45BF-4509-99D9-23E42D4038C9}.Debug|Any CPU.ActiveCfg = Debug|Any CPU
		{4D4E63C0-45BF-4509-99D9-23E42D4038C9}.Debug|Any CPU.Build.0 = Debug|Any CPU
		{4D4E63C0-45BF-4509-99D9-23E42D4038C9}.Release|Any CPU.ActiveCfg = Release|Any CPU
		{4D4E63C0-45BF-4509-99D9-23E42D4038C9}.Release|Any CPU.Build.0 = Release|Any CPU
		{CCDB8E7F-501E-4803-B638-9FA32FE9D8C6}.Debug|Any CPU.ActiveCfg = Debug|Any CPU
		{CCDB8E7F-501E-4803-B638-9FA32FE9D8C6}.Debug|Any CPU.Build.0 = Debug|Any CPU
		{CCDB8E7F-501E-4803-B638-9FA32FE9D8C6}.Release|Any CPU.ActiveCfg = Release|Any CPU
		{CCDB8E7F-501E-4803-B638-9FA32FE9D8C6}.Release|Any CPU.Build.0 = Release|Any CPU
		{6DCD527F-9466-4BB5-B497-F3ED63F45AA1}.Debug|Any CPU.ActiveCfg = Debug|Any CPU
		{6DCD527F-9466-4BB5-B497-F3ED63F45AA1}.Debug|Any CPU.Build.0 = Debug|Any CPU
		{6DCD527F-9466-4BB5-B497-F3ED63F45AA1}.Release|Any CPU.ActiveCfg = Release|Any CPU
		{6DCD527F-9466-4BB5-B497-F3ED63F45AA1}.Release|Any CPU.Build.0 = Release|Any CPU
		{25160458-CD07-4850-96A8-959DD323285E}.Debug|Any CPU.ActiveCfg = Debug|Any CPU
		{25160458-CD07-4850-96A8-959DD323285E}.Debug|Any CPU.Build.0 = Debug|Any CPU
		{25160458-CD07-4850-96A8-959DD323285E}.Release|Any CPU.ActiveCfg = Release|Any CPU
		{25160458-CD07-4850-96A8-959DD323285E}.Release|Any CPU.Build.0 = Release|Any CPU
		{7A1BD66F-E9C7-4E50-9F8D-BB3AD6C17692}.Debug|Any CPU.ActiveCfg = Debug|Any CPU
		{7A1BD66F-E9C7-4E50-9F8D-BB3AD6C17692}.Debug|Any CPU.Build.0 = Debug|Any CPU
		{7A1BD66F-E9C7-4E50-9F8D-BB3AD6C17692}.Release|Any CPU.ActiveCfg = Release|Any CPU
		{7A1BD66F-E9C7-4E50-9F8D-BB3AD6C17692}.Release|Any CPU.Build.0 = Release|Any CPU
		{11C993EE-2C43-499A-BF1D-28314BA66DE6}.Debug|Any CPU.ActiveCfg = Debug|Any CPU
		{11C993EE-2C43-499A-BF1D-28314BA66DE6}.Debug|Any CPU.Build.0 = Debug|Any CPU
		{11C993EE-2C43-499A-BF1D-28314BA66DE6}.Release|Any CPU.ActiveCfg = Release|Any CPU
		{11C993EE-2C43-499A-BF1D-28314BA66DE6}.Release|Any CPU.Build.0 = Release|Any CPU
		{4B5EE7AD-57CE-4784-B1DD-6F67B3F11F68}.Debug|Any CPU.ActiveCfg = Debug|Any CPU
		{4B5EE7AD-57CE-4784-B1DD-6F67B3F11F68}.Debug|Any CPU.Build.0 = Debug|Any CPU
		{4B5EE7AD-57CE-4784-B1DD-6F67B3F11F68}.Release|Any CPU.ActiveCfg = Release|Any CPU
		{4B5EE7AD-57CE-4784-B1DD-6F67B3F11F68}.Release|Any CPU.Build.0 = Release|Any CPU
		{A0484173-B1A0-49B1-8C87-B7C3F577DA7F}.Debug|Any CPU.ActiveCfg = Debug|Any CPU
		{A0484173-B1A0-49B1-8C87-B7C3F577DA7F}.Debug|Any CPU.Build.0 = Debug|Any CPU
		{A0484173-B1A0-49B1-8C87-B7C3F577DA7F}.Release|Any CPU.ActiveCfg = Release|Any CPU
		{A0484173-B1A0-49B1-8C87-B7C3F577DA7F}.Release|Any CPU.Build.0 = Release|Any CPU
		{8483D822-BEB2-4791-B6BC-AE0B7A328703}.Debug|Any CPU.ActiveCfg = Debug|Any CPU
		{8483D822-BEB2-4791-B6BC-AE0B7A328703}.Debug|Any CPU.Build.0 = Debug|Any CPU
		{8483D822-BEB2-4791-B6BC-AE0B7A328703}.Release|Any CPU.ActiveCfg = Release|Any CPU
		{8483D822-BEB2-4791-B6BC-AE0B7A328703}.Release|Any CPU.Build.0 = Release|Any CPU
		{87612D15-6A44-442C-885C-EF77D65342F7}.Debug|Any CPU.ActiveCfg = Debug|Any CPU
		{87612D15-6A44-442C-885C-EF77D65342F7}.Debug|Any CPU.Build.0 = Debug|Any CPU
		{87612D15-6A44-442C-885C-EF77D65342F7}.Release|Any CPU.ActiveCfg = Release|Any CPU
		{87612D15-6A44-442C-885C-EF77D65342F7}.Release|Any CPU.Build.0 = Release|Any CPU
		{058C4691-946E-4BBF-9C7B-756BACB8EB0F}.Debug|Any CPU.ActiveCfg = Debug|Any CPU
		{058C4691-946E-4BBF-9C7B-756BACB8EB0F}.Debug|Any CPU.Build.0 = Debug|Any CPU
		{058C4691-946E-4BBF-9C7B-756BACB8EB0F}.Release|Any CPU.ActiveCfg = Release|Any CPU
		{058C4691-946E-4BBF-9C7B-756BACB8EB0F}.Release|Any CPU.Build.0 = Release|Any CPU
		{8A50247C-5638-493F-AECE-A6C42F121C42}.Debug|Any CPU.ActiveCfg = Debug|Any CPU
		{8A50247C-5638-493F-AECE-A6C42F121C42}.Debug|Any CPU.Build.0 = Debug|Any CPU
		{8A50247C-5638-493F-AECE-A6C42F121C42}.Release|Any CPU.ActiveCfg = Release|Any CPU
		{8A50247C-5638-493F-AECE-A6C42F121C42}.Release|Any CPU.Build.0 = Release|Any CPU
		{900C04BC-71D0-4541-B76E-9642025E74AA}.Debug|Any CPU.ActiveCfg = Debug|Any CPU
		{900C04BC-71D0-4541-B76E-9642025E74AA}.Debug|Any CPU.Build.0 = Debug|Any CPU
		{900C04BC-71D0-4541-B76E-9642025E74AA}.Release|Any CPU.ActiveCfg = Release|Any CPU
		{900C04BC-71D0-4541-B76E-9642025E74AA}.Release|Any CPU.Build.0 = Release|Any CPU
		{0DF35894-96D4-4110-8907-EF580AAF2DFD}.Debug|Any CPU.ActiveCfg = Debug|Any CPU
		{0DF35894-96D4-4110-8907-EF580AAF2DFD}.Debug|Any CPU.Build.0 = Debug|Any CPU
		{0DF35894-96D4-4110-8907-EF580AAF2DFD}.Release|Any CPU.ActiveCfg = Release|Any CPU
		{0DF35894-96D4-4110-8907-EF580AAF2DFD}.Release|Any CPU.Build.0 = Release|Any CPU
		{0B7F287A-EAAE-45F7-8223-B6E089B5936B}.Debug|Any CPU.ActiveCfg = Debug|Any CPU
		{0B7F287A-EAAE-45F7-8223-B6E089B5936B}.Debug|Any CPU.Build.0 = Debug|Any CPU
		{0B7F287A-EAAE-45F7-8223-B6E089B5936B}.Release|Any CPU.ActiveCfg = Release|Any CPU
		{0B7F287A-EAAE-45F7-8223-B6E089B5936B}.Release|Any CPU.Build.0 = Release|Any CPU
		{6988BC93-9726-416D-9AA9-BDE9E1938E94}.Debug|Any CPU.ActiveCfg = Debug|Any CPU
		{6988BC93-9726-416D-9AA9-BDE9E1938E94}.Debug|Any CPU.Build.0 = Debug|Any CPU
		{6988BC93-9726-416D-9AA9-BDE9E1938E94}.Release|Any CPU.ActiveCfg = Release|Any CPU
		{6988BC93-9726-416D-9AA9-BDE9E1938E94}.Release|Any CPU.Build.0 = Release|Any CPU
		{F0D72CFE-6034-4962-BC06-32E33FE5C2C3}.Debug|Any CPU.ActiveCfg = Debug|Any CPU
		{F0D72CFE-6034-4962-BC06-32E33FE5C2C3}.Debug|Any CPU.Build.0 = Debug|Any CPU
		{F0D72CFE-6034-4962-BC06-32E33FE5C2C3}.Release|Any CPU.ActiveCfg = Release|Any CPU
		{F0D72CFE-6034-4962-BC06-32E33FE5C2C3}.Release|Any CPU.Build.0 = Release|Any CPU
		{F6410EDC-B626-4D26-B785-402FA70F270D}.Debug|Any CPU.ActiveCfg = Debug|Any CPU
		{F6410EDC-B626-4D26-B785-402FA70F270D}.Debug|Any CPU.Build.0 = Debug|Any CPU
		{F6410EDC-B626-4D26-B785-402FA70F270D}.Release|Any CPU.ActiveCfg = Release|Any CPU
		{F6410EDC-B626-4D26-B785-402FA70F270D}.Release|Any CPU.Build.0 = Release|Any CPU
	EndGlobalSection
	GlobalSection(SolutionProperties) = preSolution
		HideSolutionNode = FALSE
	EndGlobalSection
	GlobalSection(ExtensibilityGlobals) = postSolution
		SolutionGuid = {9E1C071C-E990-4712-9991-C639FA6A4C84}
	EndGlobalSection
EndGlobal
