
Microsoft Visual Studio Solution File, Format Version 12.00
# Visual Studio Version 16
VisualStudioVersion = 16.0.29519.87
MinimumVisualStudioVersion = 10.0.40219.1
Project("{FAE04EC0-301F-11D3-BF4B-00C04F79EFBC}") = "AdventOfCode1", "AdventOfCode1\AdventOfCode1.csproj", "{0C4ECFFE-3A45-4692-AEB3-E5FE8896C68D}"
EndProject
Global
	GlobalSection(SolutionConfigurationPlatforms) = preSolution
		Debug|Any CPU = Debug|Any CPU
		Release|Any CPU = Release|Any CPU
	EndGlobalSection
	GlobalSection(ProjectConfigurationPlatforms) = postSolution
		{0C4ECFFE-3A45-4692-AEB3-E5FE8896C68D}.Debug|Any CPU.ActiveCfg = Debug|Any CPU
		{0C4ECFFE-3A45-4692-AEB3-E5FE8896C68D}.Debug|Any CPU.Build.0 = Debug|Any CPU
		{0C4ECFFE-3A45-4692-AEB3-E5FE8896C68D}.Release|Any CPU.ActiveCfg = Release|Any CPU
		{0C4ECFFE-3A45-4692-AEB3-E5FE8896C68D}.Release|Any CPU.Build.0 = Release|Any CPU
	EndGlobalSection
	GlobalSection(SolutionProperties) = preSolution
		HideSolutionNode = FALSE
	EndGlobalSection
	GlobalSection(ExtensibilityGlobals) = postSolution
		SolutionGuid = {27C5620D-672B-4158-AD5C-7A4461F04683}
	EndGlobalSection
EndGlobal
