
Microsoft Visual Studio Solution File, Format Version 12.00
# Visual Studio Version 16
VisualStudioVersion = 16.0.29519.87
MinimumVisualStudioVersion = 10.0.40219.1
Project("{FAE04EC0-301F-11D3-BF4B-00C04F79EFBC}") = "AdventOfCode2", "AdventOfCode2\AdventOfCode2.csproj", "{7881063D-F460-439B-9F06-AC6D37DA6585}"
EndProject
Global
	GlobalSection(SolutionConfigurationPlatforms) = preSolution
		Debug|Any CPU = Debug|Any CPU
		Release|Any CPU = Release|Any CPU
	EndGlobalSection
	GlobalSection(ProjectConfigurationPlatforms) = postSolution
		{7881063D-F460-439B-9F06-AC6D37DA6585}.Debug|Any CPU.ActiveCfg = Debug|Any CPU
		{7881063D-F460-439B-9F06-AC6D37DA6585}.Debug|Any CPU.Build.0 = Debug|Any CPU
		{7881063D-F460-439B-9F06-AC6D37DA6585}.Release|Any CPU.ActiveCfg = Release|Any CPU
		{7881063D-F460-439B-9F06-AC6D37DA6585}.Release|Any CPU.Build.0 = Release|Any CPU
	EndGlobalSection
	GlobalSection(SolutionProperties) = preSolution
		HideSolutionNode = FALSE
	EndGlobalSection
	GlobalSection(ExtensibilityGlobals) = postSolution
		SolutionGuid = {846FA5BB-5BAE-4A8B-A1EF-165867B1D54D}
	EndGlobalSection
EndGlobal
